// !$*UTF8*$!
{
	archiveVersion = 1;
	classes = {
	};
	objectVersion = 46;
	objects = {

/* Begin PBXBuildFile section */
		67F91C4C1FBC730B0001BF36 /* AppDelegate.swift in Sources */ = {isa = PBXBuildFile; fileRef = 67F91C4B1FBC730B0001BF36 /* AppDelegate.swift */; };
		67F91C4E1FBC730B0001BF36 /* ViewController.swift in Sources */ = {isa = PBXBuildFile; fileRef = 67F91C4D1FBC730B0001BF36 /* ViewController.swift */; };
		67F91C511FBC730B0001BF36 /* Main.storyboard in Resources */ = {isa = PBXBuildFile; fileRef = 67F91C4F1FBC730B0001BF36 /* Main.storyboard */; };
		67F91C531FBC730B0001BF36 /* Assets.xcassets in Resources */ = {isa = PBXBuildFile; fileRef = 67F91C521FBC730B0001BF36 /* Assets.xcassets */; };
		67F91C561FBC730B0001BF36 /* LaunchScreen.storyboard in Resources */ = {isa = PBXBuildFile; fileRef = 67F91C541FBC730B0001BF36 /* LaunchScreen.storyboard */; };
/* End PBXBuildFile section */

/* Begin PBXFileReference section */
		67F91C481FBC730B0001BF36 /* PokemonStudy.app */ = {isa = PBXFileReference; explicitFileType = wrapper.application; includeInIndex = 0; path = PokemonStudy.app; sourceTree = BUILT_PRODUCTS_DIR; };
		67F91C4B1FBC730B0001BF36 /* AppDelegate.swift */ = {isa = PBXFileReference; lastKnownFileType = sourcecode.swift; path = AppDelegate.swift; sourceTree = "<group>"; };
		67F91C4D1FBC730B0001BF36 /* ViewController.swift */ = {isa = PBXFileReference; lastKnownFileType = sourcecode.swift; path = ViewController.swift; sourceTree = "<group>"; };
		67F91C501FBC730B0001BF36 /* Base */ = {isa = PBXFileReference; lastKnownFileType = file.storyboard; name = Base; path = Base.lproj/Main.storyboard; sourceTree = "<group>"; };
		67F91C521FBC730B0001BF36 /* Assets.xcassets */ = {isa = PBXFileReference; lastKnownFileType = folder.assetcatalog; path = Assets.xcassets; sourceTree = "<group>"; };
		67F91C551FBC730B0001BF36 /* Base */ = {isa = PBXFileReference; lastKnownFileType = file.storyboard; name = Base; path = Base.lproj/LaunchScreen.storyboard; sourceTree = "<group>"; };
		67F91C571FBC730B0001BF36 /* Info.plist */ = {isa = PBXFileReference; lastKnownFileType = text.plist.xml; path = Info.plist; sourceTree = "<group>"; };
/* End PBXFileReference section */

/* Begin PBXFrameworksBuildPhase section */
		67F91C451FBC730B0001BF36 /* Frameworks */ = {
			isa = PBXFrameworksBuildPhase;
			buildActionMask = 2147483647;
			files = (
			);
			runOnlyForDeploymentPostprocessing = 0;
		};
/* End PBXFrameworksBuildPhase section */

/* Begin PBXGroup section */
		67F91C3F1FBC730B0001BF36 = {
			isa = PBXGroup;
			children = (
				67F91C4A1FBC730B0001BF36 /* PokemonStudy */,
				67F91C491FBC730B0001BF36 /* Products */,
			);
			sourceTree = "<group>";
		};
		67F91C491FBC730B0001BF36 /* Products */ = {
			isa = PBXGroup;
			children = (
				67F91C481FBC730B0001BF36 /* PokemonStudy.app */,
			);
			name = Products;
			sourceTree = "<group>";
		};
		67F91C4A1FBC730B0001BF36 /* PokemonStudy */ = {
			isa = PBXGroup;
			children = (
				67F91C4B1FBC730B0001BF36 /* AppDelegate.swift */,
				67F91C4D1FBC730B0001BF36 /* ViewController.swift */,
				67F91C4F1FBC730B0001BF36 /* Main.storyboard */,
				67F91C521FBC730B0001BF36 /* Assets.xcassets */,
				67F91C541FBC730B0001BF36 /* LaunchScreen.storyboard */,
				67F91C571FBC730B0001BF36 /* Info.plist */,
			);
			path = PokemonStudy;
			sourceTree = "<group>";
		};
/* End PBXGroup section */

/* Begin PBXNativeTarget section */
		67F91C471FBC730B0001BF36 /* PokemonStudy */ = {
			isa = PBXNativeTarget;
			buildConfigurationList = 67F91C5A1FBC730B0001BF36 /* Build configuration list for PBXNativeTarget "PokemonStudy" */;
			buildPhases = (
				67F91C441FBC730B0001BF36 /* Sources */,
				67F91C451FBC730B0001BF36 /* Frameworks */,
				67F91C461FBC730B0001BF36 /* Resources */,
			);
			buildRules = (
			);
			dependencies = (
			);
			name = PokemonStudy;
			productName = PokemonStudy;
			productReference = 67F91C481FBC730B0001BF36 /* PokemonStudy.app */;
			productType = "com.apple.product-type.application";
		};
/* End PBXNativeTarget section */

/* Begin PBXProject section */
		67F91C401FBC730B0001BF36 /* Project object */ = {
			isa = PBXProject;
			attributes = {
				LastSwiftUpdateCheck = 0820;
				LastUpgradeCheck = 0820;
				ORGANIZATIONNAME = " Numinga";
				TargetAttributes = {
					67F91C471FBC730B0001BF36 = {
						CreatedOnToolsVersion = 8.2.1;
						DevelopmentTeam = 9ZQFGS654M;
						ProvisioningStyle = Automatic;
					};
				};
			};
			buildConfigurationList = 67F91C431FBC730B0001BF36 /* Build configuration list for PBXProject "PokemonStudy" */;
			compatibilityVersion = "Xcode 3.2";
			developmentRegion = English;
			hasScannedForEncodings = 0;
			knownRegions = (
				en,
				Base,
			);
			mainGroup = 67F91C3F1FBC730B0001BF36;
			productRefGroup = 67F91C491FBC730B0001BF36 /* Products */;
			projectDirPath = "";
			projectRoot = "";
			targets = (
				67F91C471FBC730B0001BF36 /* PokemonStudy */,
			);
		};
/* End PBXProject section */

/* Begin PBXResourcesBuildPhase section */
		67F91C461FBC730B0001BF36 /* Resources */ = {
			isa = PBXResourcesBuildPhase;
			buildActionMask = 2147483647;
			files = (
				67F91C561FBC730B0001BF36 /* LaunchScreen.storyboard in Resources */,
				67F91C531FBC730B0001BF36 /* Assets.xcassets in Resources */,
				67F91C511FBC730B0001BF36 /* Main.storyboard in Resources */,
			);
			runOnlyForDeploymentPostprocessing = 0;
		};
/* End PBXResourcesBuildPhase section */

/* Begin PBXSourcesBuildPhase section */
		67F91C441FBC730B0001BF36 /* Sources */ = {
			isa = PBXSourcesBuildPhase;
			buildActionMask = 2147483647;
			files = (
				67F91C4E1FBC730B0001BF36 /* ViewController.swift in Sources */,
				67F91C4C1FBC730B0001BF36 /* AppDelegate.swift in Sources */,
			);
			runOnlyForDeploymentPostprocessing = 0;
		};
/* End PBXSourcesBuildPhase section */

/* Begin PBXVariantGroup section */
		67F91C4F1FBC730B0001BF36 /* Main.storyboard */ = {
			isa = PBXVariantGroup;
			children = (
				67F91C501FBC730B0001BF36 /* Base */,
			);
			name = Main.storyboard;
			sourceTree = "<group>";
		};
		67F91C541FBC730B0001BF36 /* LaunchScreen.storyboard */ = {
			isa = PBXVariantGroup;
			children = (
				67F91C551FBC730B0001BF36 /* Base */,
			);
			name = LaunchScreen.storyboard;
			sourceTree = "<group>";
		};
/* End PBXVariantGroup section */

/* Begin XCBuildConfiguration section */
		67F91C581FBC730B0001BF36 /* Debug */ = {
			isa = XCBuildConfiguration;
			buildSettings = {
				ALWAYS_SEARCH_USER_PATHS = NO;
				CLANG_ANALYZER_NONNULL = YES;
				CLANG_CXX_LANGUAGE_STANDARD = "gnu++0x";
				CLANG_CXX_LIBRARY = "libc++";
				CLANG_ENABLE_MODULES = YES;
				CLANG_ENABLE_OBJC_ARC = YES;
				CLANG_WARN_BOOL_CONVERSION = YES;
				CLANG_WARN_CONSTANT_CONVERSION = YES;
				CLANG_WARN_DIRECT_OBJC_ISA_USAGE = YES_ERROR;
				CLANG_WARN_DOCUMENTATION_COMMENTS = YES;
				CLANG_WARN_EMPTY_BODY = YES;
				CLANG_WARN_ENUM_CONVERSION = YES;
				CLANG_WARN_INFINITE_RECURSION = YES;
				CLANG_WARN_INT_CONVERSION = YES;
				CLANG_WARN_OBJC_ROOT_CLASS = YES_ERROR;
				CLANG_WARN_SUSPICIOUS_MOVE = YES;
				CLANG_WARN_UNREACHABLE_CODE = YES;
				CLANG_WARN__DUPLICATE_METHOD_MATCH = YES;
				"CODE_SIGN_IDENTITY[sdk=iphoneos*]" = "iPhone Developer";
				COPY_PHASE_STRIP = NO;
				DEBUG_INFORMATION_FORMAT = dwarf;
				ENABLE_STRICT_OBJC_MSGSEND = YES;
				ENABLE_TESTABILITY = YES;
				GCC_C_LANGUAGE_STANDARD = gnu99;
				GCC_DYNAMIC_NO_PIC = NO;
				GCC_NO_COMMON_BLOCKS = YES;
				GCC_OPTIMIZATION_LEVEL = 0;
				GCC_PREPROCESSOR_DEFINITIONS = (
					"DEBUG=1",
					"$(inherited)",
				);
				GCC_WARN_64_TO_32_BIT_CONVERSION = YES;
				GCC_WARN_ABOUT_RETURN_TYPE = YES_ERROR;
				GCC_WARN_UNDECLARED_SELECTOR = YES;
				GCC_WARN_UNINITIALIZED_AUTOS = YES_AGGRESSIVE;
				GCC_WARN_UNUSED_FUNCTION = YES;
				GCC_WARN_UNUSED_VARIABLE = YES;
				IPHONEOS_DEPLOYMENT_TARGET = 10.2;
				MTL_ENABLE_DEBUG_INFO = YES;
				ONLY_ACTIVE_ARCH = YES;
				SDKROOT = iphoneos;
				SWIFT_ACTIVE_COMPILATION_CONDITIONS = DEBUG;
				SWIFT_OPTIMIZATION_LEVEL = "-Onone";
				TARGETED_DEVICE_FAMILY = "1,2";
			};
			name = Debug;
		};
		67F91C591FBC730B0001BF36 /* Release */ = {
			isa = XCBuildConfiguration;
			buildSettings = {
				ALWAYS_SEARCH_USER_PATHS = NO;
				CLANG_ANALYZER_NONNULL = YES;
				CLANG_CXX_LANGUAGE_STANDARD = "gnu++0x";
				CLANG_CXX_LIBRARY = "libc++";
				CLANG_ENABLE_MODULES = YES;
				CLANG_ENABLE_OBJC_ARC = YES;
				CLANG_WARN_BOOL_CONVERSION = YES;
				CLANG_WARN_CONSTANT_CONVERSION = YES;
				CLANG_WARN_DIRECT_OBJC_ISA_USAGE = YES_ERROR;
				CLANG_WARN_DOCUMENTATION_COMMENTS = YES;
				CLANG_WARN_EMPTY_BODY = YES;
				CLANG_WARN_ENUM_CONVERSION = YES;
				CLANG_WARN_INFINITE_RECURSION = YES;
				CLANG_WARN_INT_CONVERSION = YES;
				CLANG_WARN_OBJC_ROOT_CLASS = YES_ERROR;
				CLANG_WARN_SUSPICIOUS_MOVE = YES;
				CLANG_WARN_UNREACHABLE_CODE = YES;
				CLANG_WARN__DUPLICATE_METHOD_MATCH = YES;
				"CODE_SIGN_IDENTITY[sdk=iphoneos*]" = "iPhone Developer";
				COPY_PHASE_STRIP = NO;
				DEBUG_INFORMATION_FORMAT = "dwarf-with-dsym";
				ENABLE_NS_ASSERTIONS = NO;
				ENABLE_STRICT_OBJC_MSGSEND = YES;
				GCC_C_LANGUAGE_STANDARD = gnu99;
				GCC_NO_COMMON_BLOCKS = YES;
				GCC_WARN_64_TO_32_BIT_CONVERSION = YES;
				GCC_WARN_ABOUT_RETURN_TYPE = YES_ERROR;
				GCC_WARN_UNDECLARED_SELECTOR = YES;
				GCC_WARN_UNINITIALIZED_AUTOS = YES_AGGRESSIVE;
				GCC_WARN_UNUSED_FUNCTION = YES;
				GCC_WARN_UNUSED_VARIABLE = YES;
				IPHONEOS_DEPLOYMENT_TARGET = 10.2;
				MTL_ENABLE_DEBUG_INFO = NO;
				SDKROOT = iphoneos;
				SWIFT_OPTIMIZATION_LEVEL = "-Owholemodule";
				TARGETED_DEVICE_FAMILY = "1,2";
				VALIDATE_PRODUCT = YES;
			};
			name = Release;
		};
		67F91C5B1FBC730B0001BF36 /* Debug */ = {
			isa = XCBuildConfiguration;
			buildSettings = {
				ASSETCATALOG_COMPILER_APPICON_NAME = AppIcon;
				DEVELOPMENT_TEAM = 9ZQFGS654M;
				INFOPLIST_FILE = PokemonStudy/Info.plist;
				LD_RUNPATH_SEARCH_PATHS = "$(inherited) @executable_path/Frameworks";
				PRODUCT_BUNDLE_IDENTIFIER = idy.Numinga.PokemonStudy;
				PRODUCT_NAME = "$(TARGET_NAME)";
				SWIFT_VERSION = 3.0;
			};
			name = Debug;
		};
		67F91C5C1FBC730B0001BF36 /* Release */ = {
			isa = XCBuildConfiguration;
			buildSettings = {
				ASSETCATALOG_COMPILER_APPICON_NAME = AppIcon;
				DEVELOPMENT_TEAM = 9ZQFGS654M;
				INFOPLIST_FILE = PokemonStudy/Info.plist;
				LD_RUNPATH_SEARCH_PATHS = "$(inherited) @executable_path/Frameworks";
				PRODUCT_BUNDLE_IDENTIFIER = idy.Numinga.PokemonStudy;
				PRODUCT_NAME = "$(TARGET_NAME)";
				SWIFT_VERSION = 3.0;
			};
			name = Release;
		};
/* End XCBuildConfiguration section */

/* Begin XCConfigurationList section */
		67F91C431FBC730B0001BF36 /* Build configuration list for PBXProject "PokemonStudy" */ = {
			isa = XCConfigurationList;
			buildConfigurations = (
				67F91C581FBC730B0001BF36 /* Debug */,
				67F91C591FBC730B0001BF36 /* Release */,
			);
			defaultConfigurationIsVisible = 0;
			defaultConfigurationName = Release;
		};
		67F91C5A1FBC730B0001BF36 /* Build configuration list for PBXNativeTarget "PokemonStudy" */ = {
			isa = XCConfigurationList;
			buildConfigurations = (
				67F91C5B1FBC730B0001BF36 /* Debug */,
				67F91C5C1FBC730B0001BF36 /* Release */,
			);
			defaultConfigurationIsVisible = 0;
		};
/* End XCConfigurationList section */
	};
	rootObject = 67F91C401FBC730B0001BF36 /* Project object */;
}
